
Microsoft Visual Studio Solution File, Format Version 12.00
# Visual Studio Version 17
VisualStudioVersion = 17.3.32922.545
MinimumVisualStudioVersion = 10.0.40219.1
Project("{2150E333-8FDC-42A3-9474-1A3956D46DE8}") = "Source", "Source", "{432D05BC-16EB-424A-A273-14D693039812}"
EndProject
Project("{2150E333-8FDC-42A3-9474-1A3956D46DE8}") = "Tests", "Tests", "{87BB729C-213F-4E47-BF62-FFC49CAF98AE}"
EndProject
Project("{9A19103F-16F7-4668-BE54-9A1E7A4F7556}") = "Cinis.MsSql", "Source\Cinis.MsSql\Cinis.MsSql.csproj", "{3458089A-8A6D-4F3D-8D6E-B338CAA2F877}"
EndProject
Project("{9A19103F-16F7-4668-BE54-9A1E7A4F7556}") = "Cinis.MySql", "Source\Cinis.MySql\Cinis.MySql.csproj", "{B9842E48-954C-41B9-9120-12040870DDCB}"
EndProject
Project("{9A19103F-16F7-4668-BE54-9A1E7A4F7556}") = "Cinis.Oracle", "Source\Cinis.Oracle\Cinis.Oracle.csproj", "{C2049555-D2AC-4C5F-9FE7-B2A44058D256}"
EndProject
Project("{9A19103F-16F7-4668-BE54-9A1E7A4F7556}") = "Cinis.PostgreSql", "Source\Cinis.PostgreSql\Cinis.PostgreSql.csproj", "{D12E7D07-C3F6-4A18-9831-721E89039B3A}"
EndProject
Project("{9A19103F-16F7-4668-BE54-9A1E7A4F7556}") = "Cinis.Oracle.Tests", "Tests\Cinis.Oracle.Tests\Cinis.Oracle.Tests.csproj", "{92813A54-CB83-4021-A097-88B4CFB7BD5F}"
EndProject
Project("{9A19103F-16F7-4668-BE54-9A1E7A4F7556}") = "Cinis.MySql.Tests", "Tests\Cinis.MySql.Tests\Cinis.MySql.Tests.csproj", "{7EEE765B-879E-4506-B601-B4259DCDC51A}"
EndProject
Project("{9A19103F-16F7-4668-BE54-9A1E7A4F7556}") = "Cinis.PostgreSql.Tests", "Tests\Cinis.PostgreSql.Tests\Cinis.PostgreSql.Tests.csproj", "{A7EBF896-68CF-42EB-9BA2-BB8A5A30F0BF}"
EndProject
Project("{9A19103F-16F7-4668-BE54-9A1E7A4F7556}") = "Cinis.MsSql.Tests", "Tests\Cinis.MsSql.Tests\Cinis.MsSql.Tests.csproj", "{2FE35A29-10DC-4A57-9B9F-7AC317285326}"
EndProject
Project("{2150E333-8FDC-42A3-9474-1A3956D46DE8}") = "Docs", "Docs", "{ACB9CC95-28EE-4D1B-BFA7-4D94069BA645}"
EndProject
Project("{2150E333-8FDC-42A3-9474-1A3956D46DE8}") = "Samples", "Samples", "{B7E36666-E0BB-4BF3-8B79-56EBF439DE49}"
EndProject
Global
	GlobalSection(SolutionConfigurationPlatforms) = preSolution
		Debug|Any CPU = Debug|Any CPU
		Release|Any CPU = Release|Any CPU
	EndGlobalSection
	GlobalSection(ProjectConfigurationPlatforms) = postSolution
		{3458089A-8A6D-4F3D-8D6E-B338CAA2F877}.Debug|Any CPU.ActiveCfg = Debug|Any CPU
		{3458089A-8A6D-4F3D-8D6E-B338CAA2F877}.Debug|Any CPU.Build.0 = Debug|Any CPU
		{3458089A-8A6D-4F3D-8D6E-B338CAA2F877}.Release|Any CPU.ActiveCfg = Release|Any CPU
		{3458089A-8A6D-4F3D-8D6E-B338CAA2F877}.Release|Any CPU.Build.0 = Release|Any CPU
		{B9842E48-954C-41B9-9120-12040870DDCB}.Debug|Any CPU.ActiveCfg = Debug|Any CPU
		{B9842E48-954C-41B9-9120-12040870DDCB}.Debug|Any CPU.Build.0 = Debug|Any CPU
		{B9842E48-954C-41B9-9120-12040870DDCB}.Release|Any CPU.ActiveCfg = Release|Any CPU
		{B9842E48-954C-41B9-9120-12040870DDCB}.Release|Any CPU.Build.0 = Release|Any CPU
		{C2049555-D2AC-4C5F-9FE7-B2A44058D256}.Debug|Any CPU.ActiveCfg = Debug|Any CPU
		{C2049555-D2AC-4C5F-9FE7-B2A44058D256}.Debug|Any CPU.Build.0 = Debug|Any CPU
		{C2049555-D2AC-4C5F-9FE7-B2A44058D256}.Release|Any CPU.ActiveCfg = Release|Any CPU
		{C2049555-D2AC-4C5F-9FE7-B2A44058D256}.Release|Any CPU.Build.0 = Release|Any CPU
		{D12E7D07-C3F6-4A18-9831-721E89039B3A}.Debug|Any CPU.ActiveCfg = Debug|Any CPU
		{D12E7D07-C3F6-4A18-9831-721E89039B3A}.Debug|Any CPU.Build.0 = Debug|Any CPU
		{D12E7D07-C3F6-4A18-9831-721E89039B3A}.Release|Any CPU.ActiveCfg = Release|Any CPU
		{D12E7D07-C3F6-4A18-9831-721E89039B3A}.Release|Any CPU.Build.0 = Release|Any CPU
		{92813A54-CB83-4021-A097-88B4CFB7BD5F}.Debug|Any CPU.ActiveCfg = Debug|Any CPU
		{92813A54-CB83-4021-A097-88B4CFB7BD5F}.Debug|Any CPU.Build.0 = Debug|Any CPU
		{92813A54-CB83-4021-A097-88B4CFB7BD5F}.Release|Any CPU.ActiveCfg = Release|Any CPU
		{92813A54-CB83-4021-A097-88B4CFB7BD5F}.Release|Any CPU.Build.0 = Release|Any CPU
		{7EEE765B-879E-4506-B601-B4259DCDC51A}.Debug|Any CPU.ActiveCfg = Debug|Any CPU
		{7EEE765B-879E-4506-B601-B4259DCDC51A}.Debug|Any CPU.Build.0 = Debug|Any CPU
		{7EEE765B-879E-4506-B601-B4259DCDC51A}.Release|Any CPU.ActiveCfg = Release|Any CPU
		{7EEE765B-879E-4506-B601-B4259DCDC51A}.Release|Any CPU.Build.0 = Release|Any CPU
		{A7EBF896-68CF-42EB-9BA2-BB8A5A30F0BF}.Debug|Any CPU.ActiveCfg = Debug|Any CPU
		{A7EBF896-68CF-42EB-9BA2-BB8A5A30F0BF}.Debug|Any CPU.Build.0 = Debug|Any CPU
		{A7EBF896-68CF-42EB-9BA2-BB8A5A30F0BF}.Release|Any CPU.ActiveCfg = Release|Any CPU
		{A7EBF896-68CF-42EB-9BA2-BB8A5A30F0BF}.Release|Any CPU.Build.0 = Release|Any CPU
		{2FE35A29-10DC-4A57-9B9F-7AC317285326}.Debug|Any CPU.ActiveCfg = Debug|Any CPU
		{2FE35A29-10DC-4A57-9B9F-7AC317285326}.Debug|Any CPU.Build.0 = Debug|Any CPU
		{2FE35A29-10DC-4A57-9B9F-7AC317285326}.Release|Any CPU.ActiveCfg = Release|Any CPU
		{2FE35A29-10DC-4A57-9B9F-7AC317285326}.Release|Any CPU.Build.0 = Release|Any CPU
	EndGlobalSection
	GlobalSection(SolutionProperties) = preSolution
		HideSolutionNode = FALSE
	EndGlobalSection
	GlobalSection(NestedProjects) = preSolution
		{3458089A-8A6D-4F3D-8D6E-B338CAA2F877} = {432D05BC-16EB-424A-A273-14D693039812}
		{B9842E48-954C-41B9-9120-12040870DDCB} = {432D05BC-16EB-424A-A273-14D693039812}
		{C2049555-D2AC-4C5F-9FE7-B2A44058D256} = {432D05BC-16EB-424A-A273-14D693039812}
		{D12E7D07-C3F6-4A18-9831-721E89039B3A} = {432D05BC-16EB-424A-A273-14D693039812}
		{92813A54-CB83-4021-A097-88B4CFB7BD5F} = {87BB729C-213F-4E47-BF62-FFC49CAF98AE}
		{7EEE765B-879E-4506-B601-B4259DCDC51A} = {87BB729C-213F-4E47-BF62-FFC49CAF98AE}
		{A7EBF896-68CF-42EB-9BA2-BB8A5A30F0BF} = {87BB729C-213F-4E47-BF62-FFC49CAF98AE}
		{2FE35A29-10DC-4A57-9B9F-7AC317285326} = {87BB729C-213F-4E47-BF62-FFC49CAF98AE}
	EndGlobalSection
	GlobalSection(ExtensibilityGlobals) = postSolution
		SolutionGuid = {C26A372D-7905-4276-86C6-07423A7699BE}
	EndGlobalSection
EndGlobal
