
Microsoft Visual Studio Solution File, Format Version 12.00
# Visual Studio Version 17
VisualStudioVersion = 17.3.32922.545
MinimumVisualStudioVersion = 10.0.40219.1
Project("{2150E333-8FDC-42A3-9474-1A3956D46DE8}") = "Source", "Source", "{432D05BC-16EB-424A-A273-14D693039812}"
EndProject
Project("{FAE04EC0-301F-11D3-BF4B-00C04F79EFBC}") = "Fifinya", "Source\Fifinya\Fifinya.csproj", "{1472B27C-5741-463A-919C-CC3E1B727B1A}"
EndProject
Project("{2150E333-8FDC-42A3-9474-1A3956D46DE8}") = "Tests", "Tests", "{87BB729C-213F-4E47-BF62-FFC49CAF98AE}"
EndProject
Global
	GlobalSection(SolutionConfigurationPlatforms) = preSolution
		Debug|Any CPU = Debug|Any CPU
		Release|Any CPU = Release|Any CPU
	EndGlobalSection
	GlobalSection(ProjectConfigurationPlatforms) = postSolution
		{1472B27C-5741-463A-919C-CC3E1B727B1A}.Debug|Any CPU.ActiveCfg = Debug|Any CPU
		{1472B27C-5741-463A-919C-CC3E1B727B1A}.Debug|Any CPU.Build.0 = Debug|Any CPU
		{1472B27C-5741-463A-919C-CC3E1B727B1A}.Release|Any CPU.ActiveCfg = Release|Any CPU
		{1472B27C-5741-463A-919C-CC3E1B727B1A}.Release|Any CPU.Build.0 = Release|Any CPU
	EndGlobalSection
	GlobalSection(SolutionProperties) = preSolution
		HideSolutionNode = FALSE
	EndGlobalSection
	GlobalSection(NestedProjects) = preSolution
		{1472B27C-5741-463A-919C-CC3E1B727B1A} = {432D05BC-16EB-424A-A273-14D693039812}
	EndGlobalSection
	GlobalSection(ExtensibilityGlobals) = postSolution
		SolutionGuid = {C26A372D-7905-4276-86C6-07423A7699BE}
	EndGlobalSection
EndGlobal
