
Microsoft Visual Studio Solution File, Format Version 12.00
# Visual Studio Version 17
VisualStudioVersion = 17.3.32922.545
MinimumVisualStudioVersion = 10.0.40219.1
Project("{2150E333-8FDC-42A3-9474-1A3956D46DE8}") = "Source", "Source", "{432D05BC-16EB-424A-A273-14D693039812}"
EndProject
Project("{2150E333-8FDC-42A3-9474-1A3956D46DE8}") = "Tests", "Tests", "{87BB729C-213F-4E47-BF62-FFC49CAF98AE}"
EndProject
Project("{FAE04EC0-301F-11D3-BF4B-00C04F79EFBC}") = "Fifinya.Oracle", "Source\Fifinya.Oracle\Fifinya.Oracle.csproj", "{93B7610D-7127-47EC-956C-478792E9B2EE}"
EndProject
Project("{FAE04EC0-301F-11D3-BF4B-00C04F79EFBC}") = "Fifinya.PostgreSql", "Source\Fifinya.PostgreSql\Fifinya.PostgreSql.csproj", "{1058174C-D523-4334-8616-3D6AD7F70BCA}"
EndProject
Global
	GlobalSection(SolutionConfigurationPlatforms) = preSolution
		Debug|Any CPU = Debug|Any CPU
		Release|Any CPU = Release|Any CPU
	EndGlobalSection
	GlobalSection(ProjectConfigurationPlatforms) = postSolution
		{93B7610D-7127-47EC-956C-478792E9B2EE}.Debug|Any CPU.ActiveCfg = Debug|Any CPU
		{93B7610D-7127-47EC-956C-478792E9B2EE}.Debug|Any CPU.Build.0 = Debug|Any CPU
		{93B7610D-7127-47EC-956C-478792E9B2EE}.Release|Any CPU.ActiveCfg = Release|Any CPU
		{93B7610D-7127-47EC-956C-478792E9B2EE}.Release|Any CPU.Build.0 = Release|Any CPU
		{1058174C-D523-4334-8616-3D6AD7F70BCA}.Debug|Any CPU.ActiveCfg = Debug|Any CPU
		{1058174C-D523-4334-8616-3D6AD7F70BCA}.Debug|Any CPU.Build.0 = Debug|Any CPU
		{1058174C-D523-4334-8616-3D6AD7F70BCA}.Release|Any CPU.ActiveCfg = Release|Any CPU
		{1058174C-D523-4334-8616-3D6AD7F70BCA}.Release|Any CPU.Build.0 = Release|Any CPU
	EndGlobalSection
	GlobalSection(SolutionProperties) = preSolution
		HideSolutionNode = FALSE
	EndGlobalSection
	GlobalSection(NestedProjects) = preSolution
		{93B7610D-7127-47EC-956C-478792E9B2EE} = {432D05BC-16EB-424A-A273-14D693039812}
		{1058174C-D523-4334-8616-3D6AD7F70BCA} = {432D05BC-16EB-424A-A273-14D693039812}
	EndGlobalSection
	GlobalSection(ExtensibilityGlobals) = postSolution
		SolutionGuid = {C26A372D-7905-4276-86C6-07423A7699BE}
	EndGlobalSection
EndGlobal
